// !$*UTF8*$!
{
	archiveVersion = 1;
	classes = {
	};
	objectVersion = 56;
	objects = {

/* Begin PBXBuildFile section */
		5AE4E66E2B3C057D00EFE4E7 /* AppDelegate.swift in Sources */ = {isa = PBXBuildFile; fileRef = 5AE4E66D2B3C057D00EFE4E7 /* AppDelegate.swift */; };
		5AE4E6702B3C057D00EFE4E7 /* SceneDelegate.swift in Sources */ = {isa = PBXBuildFile; fileRef = 5AE4E66F2B3C057D00EFE4E7 /* SceneDelegate.swift */; };
		5AE4E6752B3C057D00EFE4E7 /* Main.storyboard in Resources */ = {isa = PBXBuildFile; fileRef = 5AE4E6732B3C057D00EFE4E7 /* Main.storyboard */; };
		5AE4E6772B3C057E00EFE4E7 /* Assets.xcassets in Resources */ = {isa = PBXBuildFile; fileRef = 5AE4E6762B3C057E00EFE4E7 /* Assets.xcassets */; };
		5AE4E67A2B3C057E00EFE4E7 /* LaunchScreen.storyboard in Resources */ = {isa = PBXBuildFile; fileRef = 5AE4E6782B3C057E00EFE4E7 /* LaunchScreen.storyboard */; };
		5AE4E6852B3C057E00EFE4E7 /* Symbol_rollerTests.swift in Sources */ = {isa = PBXBuildFile; fileRef = 5AE4E6842B3C057E00EFE4E7 /* Symbol_rollerTests.swift */; };
		5AE4E68F2B3C057E00EFE4E7 /* Symbol_rollerUITests.swift in Sources */ = {isa = PBXBuildFile; fileRef = 5AE4E68E2B3C057E00EFE4E7 /* Symbol_rollerUITests.swift */; };
		5AE4E6912B3C057E00EFE4E7 /* Symbol_rollerUITestsLaunchTests.swift in Sources */ = {isa = PBXBuildFile; fileRef = 5AE4E6902B3C057E00EFE4E7 /* Symbol_rollerUITestsLaunchTests.swift */; };
		5AE4E6A02B3C0ADF00EFE4E7 /* SymbolRollerViewController.swift in Sources */ = {isa = PBXBuildFile; fileRef = 5AE4E69F2B3C0ADF00EFE4E7 /* SymbolRollerViewController.swift */; };
/* End PBXBuildFile section */

/* Begin PBXContainerItemProxy section */
		5AE4E6812B3C057E00EFE4E7 /* PBXContainerItemProxy */ = {
			isa = PBXContainerItemProxy;
			containerPortal = 5AE4E6622B3C057D00EFE4E7 /* Project object */;
			proxyType = 1;
			remoteGlobalIDString = 5AE4E6692B3C057D00EFE4E7;
			remoteInfo = "Symbol roller";
		};
		5AE4E68B2B3C057E00EFE4E7 /* PBXContainerItemProxy */ = {
			isa = PBXContainerItemProxy;
			containerPortal = 5AE4E6622B3C057D00EFE4E7 /* Project object */;
			proxyType = 1;
			remoteGlobalIDString = 5AE4E6692B3C057D00EFE4E7;
			remoteInfo = "Symbol roller";
		};
/* End PBXContainerItemProxy section */

/* Begin PBXFileReference section */
		5AE4E66A2B3C057D00EFE4E7 /* Symbol roller.app */ = {isa = PBXFileReference; explicitFileType = wrapper.application; includeInIndex = 0; path = "Symbol roller.app"; sourceTree = BUILT_PRODUCTS_DIR; };
		5AE4E66D2B3C057D00EFE4E7 /* AppDelegate.swift */ = {isa = PBXFileReference; lastKnownFileType = sourcecode.swift; path = AppDelegate.swift; sourceTree = "<group>"; };
		5AE4E66F2B3C057D00EFE4E7 /* SceneDelegate.swift */ = {isa = PBXFileReference; lastKnownFileType = sourcecode.swift; path = SceneDelegate.swift; sourceTree = "<group>"; };
		5AE4E6742B3C057D00EFE4E7 /* Base */ = {isa = PBXFileReference; lastKnownFileType = file.storyboard; name = Base; path = Base.lproj/Main.storyboard; sourceTree = "<group>"; };
		5AE4E6762B3C057E00EFE4E7 /* Assets.xcassets */ = {isa = PBXFileReference; lastKnownFileType = folder.assetcatalog; path = Assets.xcassets; sourceTree = "<group>"; };
		5AE4E6792B3C057E00EFE4E7 /* Base */ = {isa = PBXFileReference; lastKnownFileType = file.storyboard; name = Base; path = Base.lproj/LaunchScreen.storyboard; sourceTree = "<group>"; };
		5AE4E67B2B3C057E00EFE4E7 /* Info.plist */ = {isa = PBXFileReference; lastKnownFileType = text.plist.xml; path = Info.plist; sourceTree = "<group>"; };
		5AE4E6802B3C057E00EFE4E7 /* Symbol rollerTests.xctest */ = {isa = PBXFileReference; explicitFileType = wrapper.cfbundle; includeInIndex = 0; path = "Symbol rollerTests.xctest"; sourceTree = BUILT_PRODUCTS_DIR; };
		5AE4E6842B3C057E00EFE4E7 /* Symbol_rollerTests.swift */ = {isa = PBXFileReference; lastKnownFileType = sourcecode.swift; path = Symbol_rollerTests.swift; sourceTree = "<group>"; };
		5AE4E68A2B3C057E00EFE4E7 /* Symbol rollerUITests.xctest */ = {isa = PBXFileReference; explicitFileType = wrapper.cfbundle; includeInIndex = 0; path = "Symbol rollerUITests.xctest"; sourceTree = BUILT_PRODUCTS_DIR; };
		5AE4E68E2B3C057E00EFE4E7 /* Symbol_rollerUITests.swift */ = {isa = PBXFileReference; lastKnownFileType = sourcecode.swift; path = Symbol_rollerUITests.swift; sourceTree = "<group>"; };
		5AE4E6902B3C057E00EFE4E7 /* Symbol_rollerUITestsLaunchTests.swift */ = {isa = PBXFileReference; lastKnownFileType = sourcecode.swift; path = Symbol_rollerUITestsLaunchTests.swift; sourceTree = "<group>"; };
		5AE4E69F2B3C0ADF00EFE4E7 /* SymbolRollerViewController.swift */ = {isa = PBXFileReference; lastKnownFileType = sourcecode.swift; path = SymbolRollerViewController.swift; sourceTree = "<group>"; };
/* End PBXFileReference section */

/* Begin PBXFrameworksBuildPhase section */
		5AE4E6672B3C057D00EFE4E7 /* Frameworks */ = {
			isa = PBXFrameworksBuildPhase;
			buildActionMask = 2147483647;
			files = (
			);
			runOnlyForDeploymentPostprocessing = 0;
		};
		5AE4E67D2B3C057E00EFE4E7 /* Frameworks */ = {
			isa = PBXFrameworksBuildPhase;
			buildActionMask = 2147483647;
			files = (
			);
			runOnlyForDeploymentPostprocessing = 0;
		};
		5AE4E6872B3C057E00EFE4E7 /* Frameworks */ = {
			isa = PBXFrameworksBuildPhase;
			buildActionMask = 2147483647;
			files = (
			);
			runOnlyForDeploymentPostprocessing = 0;
		};
/* End PBXFrameworksBuildPhase section */

/* Begin PBXGroup section */
		5AE4E6612B3C057D00EFE4E7 = {
			isa = PBXGroup;
			children = (
				5AE4E66C2B3C057D00EFE4E7 /* Symbol roller */,
				5AE4E6832B3C057E00EFE4E7 /* Symbol rollerTests */,
				5AE4E68D2B3C057E00EFE4E7 /* Symbol rollerUITests */,
				5AE4E66B2B3C057D00EFE4E7 /* Products */,
			);
			sourceTree = "<group>";
		};
		5AE4E66B2B3C057D00EFE4E7 /* Products */ = {
			isa = PBXGroup;
			children = (
				5AE4E66A2B3C057D00EFE4E7 /* Symbol roller.app */,
				5AE4E6802B3C057E00EFE4E7 /* Symbol rollerTests.xctest */,
				5AE4E68A2B3C057E00EFE4E7 /* Symbol rollerUITests.xctest */,
			);
			name = Products;
			sourceTree = "<group>";
		};
		5AE4E66C2B3C057D00EFE4E7 /* Symbol roller */ = {
			isa = PBXGroup;
			children = (
				5AE4E66D2B3C057D00EFE4E7 /* AppDelegate.swift */,
				5AE4E66F2B3C057D00EFE4E7 /* SceneDelegate.swift */,
				5AE4E69F2B3C0ADF00EFE4E7 /* SymbolRollerViewController.swift */,
				5AE4E6732B3C057D00EFE4E7 /* Main.storyboard */,
				5AE4E6762B3C057E00EFE4E7 /* Assets.xcassets */,
				5AE4E6782B3C057E00EFE4E7 /* LaunchScreen.storyboard */,
				5AE4E67B2B3C057E00EFE4E7 /* Info.plist */,
			);
			path = "Symbol roller";
			sourceTree = "<group>";
		};
		5AE4E6832B3C057E00EFE4E7 /* Symbol rollerTests */ = {
			isa = PBXGroup;
			children = (
				5AE4E6842B3C057E00EFE4E7 /* Symbol_rollerTests.swift */,
			);
			path = "Symbol rollerTests";
			sourceTree = "<group>";
		};
		5AE4E68D2B3C057E00EFE4E7 /* Symbol rollerUITests */ = {
			isa = PBXGroup;
			children = (
				5AE4E68E2B3C057E00EFE4E7 /* Symbol_rollerUITests.swift */,
				5AE4E6902B3C057E00EFE4E7 /* Symbol_rollerUITestsLaunchTests.swift */,
			);
			path = "Symbol rollerUITests";
			sourceTree = "<group>";
		};
/* End PBXGroup section */

/* Begin PBXNativeTarget section */
		5AE4E6692B3C057D00EFE4E7 /* Symbol roller */ = {
			isa = PBXNativeTarget;
			buildConfigurationList = 5AE4E6942B3C057E00EFE4E7 /* Build configuration list for PBXNativeTarget "Symbol roller" */;
			buildPhases = (
				5AE4E6662B3C057D00EFE4E7 /* Sources */,
				5AE4E6672B3C057D00EFE4E7 /* Frameworks */,
				5AE4E6682B3C057D00EFE4E7 /* Resources */,
			);
			buildRules = (
			);
			dependencies = (
			);
			name = "Symbol roller";
			productName = "Symbol roller";
			productReference = 5AE4E66A2B3C057D00EFE4E7 /* Symbol roller.app */;
			productType = "com.apple.product-type.application";
		};
		5AE4E67F2B3C057E00EFE4E7 /* Symbol rollerTests */ = {
			isa = PBXNativeTarget;
			buildConfigurationList = 5AE4E6972B3C057E00EFE4E7 /* Build configuration list for PBXNativeTarget "Symbol rollerTests" */;
			buildPhases = (
				5AE4E67C2B3C057E00EFE4E7 /* Sources */,
				5AE4E67D2B3C057E00EFE4E7 /* Frameworks */,
				5AE4E67E2B3C057E00EFE4E7 /* Resources */,
			);
			buildRules = (
			);
			dependencies = (
				5AE4E6822B3C057E00EFE4E7 /* PBXTargetDependency */,
			);
			name = "Symbol rollerTests";
			productName = "Symbol rollerTests";
			productReference = 5AE4E6802B3C057E00EFE4E7 /* Symbol rollerTests.xctest */;
			productType = "com.apple.product-type.bundle.unit-test";
		};
		5AE4E6892B3C057E00EFE4E7 /* Symbol rollerUITests */ = {
			isa = PBXNativeTarget;
			buildConfigurationList = 5AE4E69A2B3C057E00EFE4E7 /* Build configuration list for PBXNativeTarget "Symbol rollerUITests" */;
			buildPhases = (
				5AE4E6862B3C057E00EFE4E7 /* Sources */,
				5AE4E6872B3C057E00EFE4E7 /* Frameworks */,
				5AE4E6882B3C057E00EFE4E7 /* Resources */,
			);
			buildRules = (
			);
			dependencies = (
				5AE4E68C2B3C057E00EFE4E7 /* PBXTargetDependency */,
			);
			name = "Symbol rollerUITests";
			productName = "Symbol rollerUITests";
			productReference = 5AE4E68A2B3C057E00EFE4E7 /* Symbol rollerUITests.xctest */;
			productType = "com.apple.product-type.bundle.ui-testing";
		};
/* End PBXNativeTarget section */

/* Begin PBXProject section */
		5AE4E6622B3C057D00EFE4E7 /* Project object */ = {
			isa = PBXProject;
			attributes = {
				BuildIndependentTargetsInParallel = 1;
				LastSwiftUpdateCheck = 1430;
				LastUpgradeCheck = 1430;
				TargetAttributes = {
					5AE4E6692B3C057D00EFE4E7 = {
						CreatedOnToolsVersion = 14.3.1;
					};
					5AE4E67F2B3C057E00EFE4E7 = {
						CreatedOnToolsVersion = 14.3.1;
						TestTargetID = 5AE4E6692B3C057D00EFE4E7;
					};
					5AE4E6892B3C057E00EFE4E7 = {
						CreatedOnToolsVersion = 14.3.1;
						TestTargetID = 5AE4E6692B3C057D00EFE4E7;
					};
				};
			};
			buildConfigurationList = 5AE4E6652B3C057D00EFE4E7 /* Build configuration list for PBXProject "Symbol roller" */;
			compatibilityVersion = "Xcode 14.0";
			developmentRegion = en;
			hasScannedForEncodings = 0;
			knownRegions = (
				en,
				Base,
			);
			mainGroup = 5AE4E6612B3C057D00EFE4E7;
			productRefGroup = 5AE4E66B2B3C057D00EFE4E7 /* Products */;
			projectDirPath = "";
			projectRoot = "";
			targets = (
				5AE4E6692B3C057D00EFE4E7 /* Symbol roller */,
				5AE4E67F2B3C057E00EFE4E7 /* Symbol rollerTests */,
				5AE4E6892B3C057E00EFE4E7 /* Symbol rollerUITests */,
			);
		};
/* End PBXProject section */

/* Begin PBXResourcesBuildPhase section */
		5AE4E6682B3C057D00EFE4E7 /* Resources */ = {
			isa = PBXResourcesBuildPhase;
			buildActionMask = 2147483647;
			files = (
				5AE4E67A2B3C057E00EFE4E7 /* LaunchScreen.storyboard in Resources */,
				5AE4E6772B3C057E00EFE4E7 /* Assets.xcassets in Resources */,
				5AE4E6752B3C057D00EFE4E7 /* Main.storyboard in Resources */,
			);
			runOnlyForDeploymentPostprocessing = 0;
		};
		5AE4E67E2B3C057E00EFE4E7 /* Resources */ = {
			isa = PBXResourcesBuildPhase;
			buildActionMask = 2147483647;
			files = (
			);
			runOnlyForDeploymentPostprocessing = 0;
		};
		5AE4E6882B3C057E00EFE4E7 /* Resources */ = {
			isa = PBXResourcesBuildPhase;
			buildActionMask = 2147483647;
			files = (
			);
			runOnlyForDeploymentPostprocessing = 0;
		};
/* End PBXResourcesBuildPhase section */

/* Begin PBXSourcesBuildPhase section */
		5AE4E6662B3C057D00EFE4E7 /* Sources */ = {
			isa = PBXSourcesBuildPhase;
			buildActionMask = 2147483647;
			files = (
				5AE4E66E2B3C057D00EFE4E7 /* AppDelegate.swift in Sources */,
				5AE4E6702B3C057D00EFE4E7 /* SceneDelegate.swift in Sources */,
				5AE4E6A02B3C0ADF00EFE4E7 /* SymbolRollerViewController.swift in Sources */,
			);
			runOnlyForDeploymentPostprocessing = 0;
		};
		5AE4E67C2B3C057E00EFE4E7 /* Sources */ = {
			isa = PBXSourcesBuildPhase;
			buildActionMask = 2147483647;
			files = (
				5AE4E6852B3C057E00EFE4E7 /* Symbol_rollerTests.swift in Sources */,
			);
			runOnlyForDeploymentPostprocessing = 0;
		};
		5AE4E6862B3C057E00EFE4E7 /* Sources */ = {
			isa = PBXSourcesBuildPhase;
			buildActionMask = 2147483647;
			files = (
				5AE4E6912B3C057E00EFE4E7 /* Symbol_rollerUITestsLaunchTests.swift in Sources */,
				5AE4E68F2B3C057E00EFE4E7 /* Symbol_rollerUITests.swift in Sources */,
			);
			runOnlyForDeploymentPostprocessing = 0;
		};
/* End PBXSourcesBuildPhase section */

/* Begin PBXTargetDependency section */
		5AE4E6822B3C057E00EFE4E7 /* PBXTargetDependency */ = {
			isa = PBXTargetDependency;
			target = 5AE4E6692B3C057D00EFE4E7 /* Symbol roller */;
			targetProxy = 5AE4E6812B3C057E00EFE4E7 /* PBXContainerItemProxy */;
		};
		5AE4E68C2B3C057E00EFE4E7 /* PBXTargetDependency */ = {
			isa = PBXTargetDependency;
			target = 5AE4E6692B3C057D00EFE4E7 /* Symbol roller */;
			targetProxy = 5AE4E68B2B3C057E00EFE4E7 /* PBXContainerItemProxy */;
		};
/* End PBXTargetDependency section */

/* Begin PBXVariantGroup section */
		5AE4E6732B3C057D00EFE4E7 /* Main.storyboard */ = {
			isa = PBXVariantGroup;
			children = (
				5AE4E6742B3C057D00EFE4E7 /* Base */,
			);
			name = Main.storyboard;
			sourceTree = "<group>";
		};
		5AE4E6782B3C057E00EFE4E7 /* LaunchScreen.storyboard */ = {
			isa = PBXVariantGroup;
			children = (
				5AE4E6792B3C057E00EFE4E7 /* Base */,
			);
			name = LaunchScreen.storyboard;
			sourceTree = "<group>";
		};
/* End PBXVariantGroup section */

/* Begin XCBuildConfiguration section */
		5AE4E6922B3C057E00EFE4E7 /* Debug */ = {
			isa = XCBuildConfiguration;
			buildSettings = {
				ALWAYS_SEARCH_USER_PATHS = NO;
				CLANG_ANALYZER_NONNULL = YES;
				CLANG_ANALYZER_NUMBER_OBJECT_CONVERSION = YES_AGGRESSIVE;
				CLANG_CXX_LANGUAGE_STANDARD = "gnu++20";
				CLANG_ENABLE_MODULES = YES;
				CLANG_ENABLE_OBJC_ARC = YES;
				CLANG_ENABLE_OBJC_WEAK = YES;
				CLANG_WARN_BLOCK_CAPTURE_AUTORELEASING = YES;
				CLANG_WARN_BOOL_CONVERSION = YES;
				CLANG_WARN_COMMA = YES;
				CLANG_WARN_CONSTANT_CONVERSION = YES;
				CLANG_WARN_DEPRECATED_OBJC_IMPLEMENTATIONS = YES;
				CLANG_WARN_DIRECT_OBJC_ISA_USAGE = YES_ERROR;
				CLANG_WARN_DOCUMENTATION_COMMENTS = YES;
				CLANG_WARN_EMPTY_BODY = YES;
				CLANG_WARN_ENUM_CONVERSION = YES;
				CLANG_WARN_INFINITE_RECURSION = YES;
				CLANG_WARN_INT_CONVERSION = YES;
				CLANG_WARN_NON_LITERAL_NULL_CONVERSION = YES;
				CLANG_WARN_OBJC_IMPLICIT_RETAIN_SELF = YES;
				CLANG_WARN_OBJC_LITERAL_CONVERSION = YES;
				CLANG_WARN_OBJC_ROOT_CLASS = YES_ERROR;
				CLANG_WARN_QUOTED_INCLUDE_IN_FRAMEWORK_HEADER = YES;
				CLANG_WARN_RANGE_LOOP_ANALYSIS = YES;
				CLANG_WARN_STRICT_PROTOTYPES = YES;
				CLANG_WARN_SUSPICIOUS_MOVE = YES;
				CLANG_WARN_UNGUARDED_AVAILABILITY = YES_AGGRESSIVE;
				CLANG_WARN_UNREACHABLE_CODE = YES;
				CLANG_WARN__DUPLICATE_METHOD_MATCH = YES;
				COPY_PHASE_STRIP = NO;
				DEBUG_INFORMATION_FORMAT = dwarf;
				ENABLE_STRICT_OBJC_MSGSEND = YES;
				ENABLE_TESTABILITY = YES;
				GCC_C_LANGUAGE_STANDARD = gnu11;
				GCC_DYNAMIC_NO_PIC = NO;
				GCC_NO_COMMON_BLOCKS = YES;
				GCC_OPTIMIZATION_LEVEL = 0;
				GCC_PREPROCESSOR_DEFINITIONS = (
					"DEBUG=1",
					"$(inherited)",
				);
				GCC_WARN_64_TO_32_BIT_CONVERSION = YES;
				GCC_WARN_ABOUT_RETURN_TYPE = YES_ERROR;
				GCC_WARN_UNDECLARED_SELECTOR = YES;
				GCC_WARN_UNINITIALIZED_AUTOS = YES_AGGRESSIVE;
				GCC_WARN_UNUSED_FUNCTION = YES;
				GCC_WARN_UNUSED_VARIABLE = YES;
				IPHONEOS_DEPLOYMENT_TARGET = 16.4;
				MTL_ENABLE_DEBUG_INFO = INCLUDE_SOURCE;
				MTL_FAST_MATH = YES;
				ONLY_ACTIVE_ARCH = YES;
				SDKROOT = iphoneos;
				SWIFT_ACTIVE_COMPILATION_CONDITIONS = DEBUG;
				SWIFT_OPTIMIZATION_LEVEL = "-Onone";
			};
			name = Debug;
		};
		5AE4E6932B3C057E00EFE4E7 /* Release */ = {
			isa = XCBuildConfiguration;
			buildSettings = {
				ALWAYS_SEARCH_USER_PATHS = NO;
				CLANG_ANALYZER_NONNULL = YES;
				CLANG_ANALYZER_NUMBER_OBJECT_CONVERSION = YES_AGGRESSIVE;
				CLANG_CXX_LANGUAGE_STANDARD = "gnu++20";
				CLANG_ENABLE_MODULES = YES;
				CLANG_ENABLE_OBJC_ARC = YES;
				CLANG_ENABLE_OBJC_WEAK = YES;
				CLANG_WARN_BLOCK_CAPTURE_AUTORELEASING = YES;
				CLANG_WARN_BOOL_CONVERSION = YES;
				CLANG_WARN_COMMA = YES;
				CLANG_WARN_CONSTANT_CONVERSION = YES;
				CLANG_WARN_DEPRECATED_OBJC_IMPLEMENTATIONS = YES;
				CLANG_WARN_DIRECT_OBJC_ISA_USAGE = YES_ERROR;
				CLANG_WARN_DOCUMENTATION_COMMENTS = YES;
				CLANG_WARN_EMPTY_BODY = YES;
				CLANG_WARN_ENUM_CONVERSION = YES;
				CLANG_WARN_INFINITE_RECURSION = YES;
				CLANG_WARN_INT_CONVERSION = YES;
				CLANG_WARN_NON_LITERAL_NULL_CONVERSION = YES;
				CLANG_WARN_OBJC_IMPLICIT_RETAIN_SELF = YES;
				CLANG_WARN_OBJC_LITERAL_CONVERSION = YES;
				CLANG_WARN_OBJC_ROOT_CLASS = YES_ERROR;
				CLANG_WARN_QUOTED_INCLUDE_IN_FRAMEWORK_HEADER = YES;
				CLANG_WARN_RANGE_LOOP_ANALYSIS = YES;
				CLANG_WARN_STRICT_PROTOTYPES = YES;
				CLANG_WARN_SUSPICIOUS_MOVE = YES;
				CLANG_WARN_UNGUARDED_AVAILABILITY = YES_AGGRESSIVE;
				CLANG_WARN_UNREACHABLE_CODE = YES;
				CLANG_WARN__DUPLICATE_METHOD_MATCH = YES;
				COPY_PHASE_STRIP = NO;
				DEBUG_INFORMATION_FORMAT = "dwarf-with-dsym";
				ENABLE_NS_ASSERTIONS = NO;
				ENABLE_STRICT_OBJC_MSGSEND = YES;
				GCC_C_LANGUAGE_STANDARD = gnu11;
				GCC_NO_COMMON_BLOCKS = YES;
				GCC_WARN_64_TO_32_BIT_CONVERSION = YES;
				GCC_WARN_ABOUT_RETURN_TYPE = YES_ERROR;
				GCC_WARN_UNDECLARED_SELECTOR = YES;
				GCC_WARN_UNINITIALIZED_AUTOS = YES_AGGRESSIVE;
				GCC_WARN_UNUSED_FUNCTION = YES;
				GCC_WARN_UNUSED_VARIABLE = YES;
				IPHONEOS_DEPLOYMENT_TARGET = 16.4;
				MTL_ENABLE_DEBUG_INFO = NO;
				MTL_FAST_MATH = YES;
				SDKROOT = iphoneos;
				SWIFT_COMPILATION_MODE = wholemodule;
				SWIFT_OPTIMIZATION_LEVEL = "-O";
				VALIDATE_PRODUCT = YES;
			};
			name = Release;
		};
		5AE4E6952B3C057E00EFE4E7 /* Debug */ = {
			isa = XCBuildConfiguration;
			buildSettings = {
				ASSETCATALOG_COMPILER_APPICON_NAME = AppIcon;
				ASSETCATALOG_COMPILER_GLOBAL_ACCENT_COLOR_NAME = AccentColor;
				CODE_SIGN_STYLE = Automatic;
				CURRENT_PROJECT_VERSION = 1;
				GENERATE_INFOPLIST_FILE = YES;
				INFOPLIST_FILE = "Symbol roller/Info.plist";
				INFOPLIST_KEY_UIApplicationSupportsIndirectInputEvents = YES;
				INFOPLIST_KEY_UILaunchStoryboardName = LaunchScreen;
				INFOPLIST_KEY_UIMainStoryboardFile = Main;
				INFOPLIST_KEY_UISupportedInterfaceOrientations_iPad = "UIInterfaceOrientationPortrait UIInterfaceOrientationPortraitUpsideDown UIInterfaceOrientationLandscapeLeft UIInterfaceOrientationLandscapeRight";
				INFOPLIST_KEY_UISupportedInterfaceOrientations_iPhone = "UIInterfaceOrientationPortrait UIInterfaceOrientationLandscapeLeft UIInterfaceOrientationLandscapeRight";
				LD_RUNPATH_SEARCH_PATHS = (
					"$(inherited)",
					"@executable_path/Frameworks",
				);
				MARKETING_VERSION = 1.0;
				PRODUCT_BUNDLE_IDENTIFIER = "com.hyeonjun.Symbol-roller";
				PRODUCT_NAME = "$(TARGET_NAME)";
				SWIFT_EMIT_LOC_STRINGS = YES;
				SWIFT_VERSION = 5.0;
				TARGETED_DEVICE_FAMILY = "1,2";
			};
			name = Debug;
		};
		5AE4E6962B3C057E00EFE4E7 /* Release */ = {
			isa = XCBuildConfiguration;
			buildSettings = {
				ASSETCATALOG_COMPILER_APPICON_NAME = AppIcon;
				ASSETCATALOG_COMPILER_GLOBAL_ACCENT_COLOR_NAME = AccentColor;
				CODE_SIGN_STYLE = Automatic;
				CURRENT_PROJECT_VERSION = 1;
				GENERATE_INFOPLIST_FILE = YES;
				INFOPLIST_FILE = "Symbol roller/Info.plist";
				INFOPLIST_KEY_UIApplicationSupportsIndirectInputEvents = YES;
				INFOPLIST_KEY_UILaunchStoryboardName = LaunchScreen;
				INFOPLIST_KEY_UIMainStoryboardFile = Main;
				INFOPLIST_KEY_UISupportedInterfaceOrientations_iPad = "UIInterfaceOrientationPortrait UIInterfaceOrientationPortraitUpsideDown UIInterfaceOrientationLandscapeLeft UIInterfaceOrientationLandscapeRight";
				INFOPLIST_KEY_UISupportedInterfaceOrientations_iPhone = "UIInterfaceOrientationPortrait UIInterfaceOrientationLandscapeLeft UIInterfaceOrientationLandscapeRight";
				LD_RUNPATH_SEARCH_PATHS = (
					"$(inherited)",
					"@executable_path/Frameworks",
				);
				MARKETING_VERSION = 1.0;
				PRODUCT_BUNDLE_IDENTIFIER = "com.hyeonjun.Symbol-roller";
				PRODUCT_NAME = "$(TARGET_NAME)";
				SWIFT_EMIT_LOC_STRINGS = YES;
				SWIFT_VERSION = 5.0;
				TARGETED_DEVICE_FAMILY = "1,2";
			};
			name = Release;
		};
		5AE4E6982B3C057E00EFE4E7 /* Debug */ = {
			isa = XCBuildConfiguration;
			buildSettings = {
				ALWAYS_EMBED_SWIFT_STANDARD_LIBRARIES = YES;
				BUNDLE_LOADER = "$(TEST_HOST)";
				CODE_SIGN_STYLE = Automatic;
				CURRENT_PROJECT_VERSION = 1;
				GENERATE_INFOPLIST_FILE = YES;
				IPHONEOS_DEPLOYMENT_TARGET = 16.4;
				MARKETING_VERSION = 1.0;
				PRODUCT_BUNDLE_IDENTIFIER = "com.hyeonjun.Symbol-rollerTests";
				PRODUCT_NAME = "$(TARGET_NAME)";
				SWIFT_EMIT_LOC_STRINGS = NO;
				SWIFT_VERSION = 5.0;
				TARGETED_DEVICE_FAMILY = "1,2";
				TEST_HOST = "$(BUILT_PRODUCTS_DIR)/Symbol roller.app/$(BUNDLE_EXECUTABLE_FOLDER_PATH)/Symbol roller";
			};
			name = Debug;
		};
		5AE4E6992B3C057E00EFE4E7 /* Release */ = {
			isa = XCBuildConfiguration;
			buildSettings = {
				ALWAYS_EMBED_SWIFT_STANDARD_LIBRARIES = YES;
				BUNDLE_LOADER = "$(TEST_HOST)";
				CODE_SIGN_STYLE = Automatic;
				CURRENT_PROJECT_VERSION = 1;
				GENERATE_INFOPLIST_FILE = YES;
				IPHONEOS_DEPLOYMENT_TARGET = 16.4;
				MARKETING_VERSION = 1.0;
				PRODUCT_BUNDLE_IDENTIFIER = "com.hyeonjun.Symbol-rollerTests";
				PRODUCT_NAME = "$(TARGET_NAME)";
				SWIFT_EMIT_LOC_STRINGS = NO;
				SWIFT_VERSION = 5.0;
				TARGETED_DEVICE_FAMILY = "1,2";
				TEST_HOST = "$(BUILT_PRODUCTS_DIR)/Symbol roller.app/$(BUNDLE_EXECUTABLE_FOLDER_PATH)/Symbol roller";
			};
			name = Release;
		};
		5AE4E69B2B3C057E00EFE4E7 /* Debug */ = {
			isa = XCBuildConfiguration;
			buildSettings = {
				ALWAYS_EMBED_SWIFT_STANDARD_LIBRARIES = YES;
				CODE_SIGN_STYLE = Automatic;
				CURRENT_PROJECT_VERSION = 1;
				GENERATE_INFOPLIST_FILE = YES;
				MARKETING_VERSION = 1.0;
				PRODUCT_BUNDLE_IDENTIFIER = "com.hyeonjun.Symbol-rollerUITests";
				PRODUCT_NAME = "$(TARGET_NAME)";
				SWIFT_EMIT_LOC_STRINGS = NO;
				SWIFT_VERSION = 5.0;
				TARGETED_DEVICE_FAMILY = "1,2";
				TEST_TARGET_NAME = "Symbol roller";
			};
			name = Debug;
		};
		5AE4E69C2B3C057E00EFE4E7 /* Release */ = {
			isa = XCBuildConfiguration;
			buildSettings = {
				ALWAYS_EMBED_SWIFT_STANDARD_LIBRARIES = YES;
				CODE_SIGN_STYLE = Automatic;
				CURRENT_PROJECT_VERSION = 1;
				GENERATE_INFOPLIST_FILE = YES;
				MARKETING_VERSION = 1.0;
				PRODUCT_BUNDLE_IDENTIFIER = "com.hyeonjun.Symbol-rollerUITests";
				PRODUCT_NAME = "$(TARGET_NAME)";
				SWIFT_EMIT_LOC_STRINGS = NO;
				SWIFT_VERSION = 5.0;
				TARGETED_DEVICE_FAMILY = "1,2";
				TEST_TARGET_NAME = "Symbol roller";
			};
			name = Release;
		};
/* End XCBuildConfiguration section */

/* Begin XCConfigurationList section */
		5AE4E6652B3C057D00EFE4E7 /* Build configuration list for PBXProject "Symbol roller" */ = {
			isa = XCConfigurationList;
			buildConfigurations = (
				5AE4E6922B3C057E00EFE4E7 /* Debug */,
				5AE4E6932B3C057E00EFE4E7 /* Release */,
			);
			defaultConfigurationIsVisible = 0;
			defaultConfigurationName = Release;
		};
		5AE4E6942B3C057E00EFE4E7 /* Build configuration list for PBXNativeTarget "Symbol roller" */ = {
			isa = XCConfigurationList;
			buildConfigurations = (
				5AE4E6952B3C057E00EFE4E7 /* Debug */,
				5AE4E6962B3C057E00EFE4E7 /* Release */,
			);
			defaultConfigurationIsVisible = 0;
			defaultConfigurationName = Release;
		};
		5AE4E6972B3C057E00EFE4E7 /* Build configuration list for PBXNativeTarget "Symbol rollerTests" */ = {
			isa = XCConfigurationList;
			buildConfigurations = (
				5AE4E6982B3C057E00EFE4E7 /* Debug */,
				5AE4E6992B3C057E00EFE4E7 /* Release */,
			);
			defaultConfigurationIsVisible = 0;
			defaultConfigurationName = Release;
		};
		5AE4E69A2B3C057E00EFE4E7 /* Build configuration list for PBXNativeTarget "Symbol rollerUITests" */ = {
			isa = XCConfigurationList;
			buildConfigurations = (
				5AE4E69B2B3C057E00EFE4E7 /* Debug */,
				5AE4E69C2B3C057E00EFE4E7 /* Release */,
			);
			defaultConfigurationIsVisible = 0;
			defaultConfigurationName = Release;
		};
/* End XCConfigurationList section */
	};
	rootObject = 5AE4E6622B3C057D00EFE4E7 /* Project object */;
}
